
Microsoft Visual Studio Solution File, Format Version 12.00
# Visual Studio 15
VisualStudioVersion = 15.0.28010.2036
MinimumVisualStudioVersion = 10.0.40219.1
Project("{FAE04EC0-301F-11D3-BF4B-00C04F79EFBC}") = "App7", "App7\App7.csproj", "{EF19D333-DDFA-4068-9B59-4C5344A4CC02}"
EndProject
Global
	GlobalSection(SolutionConfigurationPlatforms) = preSolution
		Debug|Any CPU = Debug|Any CPU
		Release|Any CPU = Release|Any CPU
	EndGlobalSection
	GlobalSection(ProjectConfigurationPlatforms) = postSolution
		{EF19D333-DDFA-4068-9B59-4C5344A4CC02}.Debug|Any CPU.ActiveCfg = Debug|Any CPU
		{EF19D333-DDFA-4068-9B59-4C5344A4CC02}.Debug|Any CPU.Build.0 = Debug|Any CPU
		{EF19D333-DDFA-4068-9B59-4C5344A4CC02}.Debug|Any CPU.Deploy.0 = Debug|Any CPU
		{EF19D333-DDFA-4068-9B59-4C5344A4CC02}.Release|Any CPU.ActiveCfg = Release|Any CPU
		{EF19D333-DDFA-4068-9B59-4C5344A4CC02}.Release|Any CPU.Build.0 = Release|Any CPU
		{EF19D333-DDFA-4068-9B59-4C5344A4CC02}.Release|Any CPU.Deploy.0 = Release|Any CPU
	EndGlobalSection
	GlobalSection(SolutionProperties) = preSolution
		HideSolutionNode = FALSE
	EndGlobalSection
	GlobalSection(ExtensibilityGlobals) = postSolution
		SolutionGuid = {18A92950-C0B8-418D-AB77-4A6564D17E91}
	EndGlobalSection
EndGlobal
